
Microsoft Visual Studio Solution File, Format Version 12.00
# Visual Studio Version 18
VisualStudioVersion = 18.0.11012.119 d18.0
MinimumVisualStudioVersion = 10.0.40219.1
Project("{FAE04EC0-301F-11D3-BF4B-00C04F79EFBC}") = "Lampersky.Example.Web", "Lampersky.Example.Web\Lampersky.Example.Web.csproj", "{CE0A2989-6E60-C51E-33EF-3FE155E71C06}"
EndProject
Project("{FAE04EC0-301F-11D3-BF4B-00C04F79EFBC}") = "Lampersky.DynamicFields", "Lampersky.DynamicFields\Lampersky.DynamicFields.csproj", "{67AAEA69-22E0-13BD-EFD3-AB4B2300A181}"
EndProject
Project("{2150E333-8FDC-42A3-9474-1A3956D46DE8}") = "Solution Items", "Solution Items", "{B77C0198-9CF3-4E8C-A0BB-9FA76D5ACACF}"
	ProjectSection(SolutionItems) = preProject
		Directory.Build.props = Directory.Build.props
	EndProjectSection
EndProject
Global
	GlobalSection(SolutionConfigurationPlatforms) = preSolution
		Debug|Any CPU = Debug|Any CPU
		Release|Any CPU = Release|Any CPU
	EndGlobalSection
	GlobalSection(ProjectConfigurationPlatforms) = postSolution
		{CE0A2989-6E60-C51E-33EF-3FE155E71C06}.Debug|Any CPU.ActiveCfg = Debug|Any CPU
		{CE0A2989-6E60-C51E-33EF-3FE155E71C06}.Debug|Any CPU.Build.0 = Debug|Any CPU
		{CE0A2989-6E60-C51E-33EF-3FE155E71C06}.Release|Any CPU.ActiveCfg = Release|Any CPU
		{CE0A2989-6E60-C51E-33EF-3FE155E71C06}.Release|Any CPU.Build.0 = Release|Any CPU
		{67AAEA69-22E0-13BD-EFD3-AB4B2300A181}.Debug|Any CPU.ActiveCfg = Debug|Any CPU
		{67AAEA69-22E0-13BD-EFD3-AB4B2300A181}.Debug|Any CPU.Build.0 = Debug|Any CPU
		{67AAEA69-22E0-13BD-EFD3-AB4B2300A181}.Release|Any CPU.ActiveCfg = Release|Any CPU
		{67AAEA69-22E0-13BD-EFD3-AB4B2300A181}.Release|Any CPU.Build.0 = Release|Any CPU
	EndGlobalSection
	GlobalSection(SolutionProperties) = preSolution
		HideSolutionNode = FALSE
	EndGlobalSection
	GlobalSection(ExtensibilityGlobals) = postSolution
		SolutionGuid = {94FD2D9E-AAF0-4FCB-BACC-ED27860E8D66}
	EndGlobalSection
EndGlobal
